{
    "_readme": [
        "This file locks the dependencies of your project to a known state",
        "Read more about it at https://getcomposer.org/doc/01-basic-usage.md#installing-dependencies",
        "This file is @generated automatically"
    ],
    "content-hash": "fc48cf01e918b3a6d6e72bcc3f44e0f6",
    "packages": [
        {
            "name": "sheronov/mystem-nix-bin",
            "version": "3.1",
            "dist": {
                "type": "tar",
                "url": "https://download.cdn.yandex.net/mystem/mystem-3.1-linux-64bit.tar.gz"
            },
            "bin": [
                "mystem"
            ],
            "type": "library",
            "extra": {
                "macos_dist": {
                    "url": "https://download.cdn.yandex.net/mystem/mystem-3.1-macosx.tar.gz",
                    "type": "tar"
                }
            }
        },
        {
            "name": "sheronov/mystem-windows",
            "version": "3.1",
            "dist": {
                "type": "zip",
                "url": "https://download.cdn.yandex.net/mystem/mystem-3.1-win-64bit.zip"
            },
            "bin": [
                "mystem.exe"
            ],
            "type": "library"
        }
    ],
    "packages-dev": [],
    "aliases": [],
    "minimum-stability": "dev",
    "stability-flags": [],
    "prefer-stable": false,
    "prefer-lowest": false,
    "platform": {
        "php": "^7.2",
        "ext-json": "*"
    },
    "platform-dev": []
}
